
Microsoft Visual Studio Solution File, Format Version 12.00
# Visual Studio Version 16
VisualStudioVersion = 16.0.30717.126
MinimumVisualStudioVersion = 10.0.40219.1
Project("{FAE04EC0-301F-11D3-BF4B-00C04F79EFBC}") = "my-books", "my-books\my-books.csproj", "{36FC41B2-0CF9-4F17-979A-1C01D6460A58}"
EndProject
Global
	GlobalSection(SolutionConfigurationPlatforms) = preSolution
		Debug|Any CPU = Debug|Any CPU
		Release|Any CPU = Release|Any CPU
	EndGlobalSection
	GlobalSection(ProjectConfigurationPlatforms) = postSolution
		{36FC41B2-0CF9-4F17-979A-1C01D6460A58}.Debug|Any CPU.ActiveCfg = Debug|Any CPU
		{36FC41B2-0CF9-4F17-979A-1C01D6460A58}.Debug|Any CPU.Build.0 = Debug|Any CPU
		{36FC41B2-0CF9-4F17-979A-1C01D6460A58}.Release|Any CPU.ActiveCfg = Release|Any CPU
		{36FC41B2-0CF9-4F17-979A-1C01D6460A58}.Release|Any CPU.Build.0 = Release|Any CPU
	EndGlobalSection
	GlobalSection(SolutionProperties) = preSolution
		HideSolutionNode = FALSE
	EndGlobalSection
	GlobalSection(ExtensibilityGlobals) = postSolution
		SolutionGuid = {90A49F4F-6AD1-4735-8EE2-BE4398BA56BE}
	EndGlobalSection
EndGlobal
